
Microsoft Visual Studio Solution File, Format Version 12.00
# Visual Studio Version 17
VisualStudioVersion = 17.0.31903.59
MinimumVisualStudioVersion = 10.0.40219.1
Project("{FAE04EC0-301F-11D3-BF4B-00C04F79EFBC}") = "RoomBooking", "RoomBooking\RoomBooking.csproj", "{A672A4FB-60DB-4A0D-B8F4-5FA32506C45A}"
EndProject
Project("{FAE04EC0-301F-11D3-BF4B-00C04F79EFBC}") = "RoomBooking.Tests", "RoomBooking.Tests\RoomBooking.Tests.csproj", "{05060F64-BA16-4DD8-9A1A-BF98B55B13F2}"
EndProject
Global
	GlobalSection(SolutionConfigurationPlatforms) = preSolution
		Debug|Any CPU = Debug|Any CPU
		Release|Any CPU = Release|Any CPU
	EndGlobalSection
	GlobalSection(SolutionProperties) = preSolution
		HideSolutionNode = FALSE
	EndGlobalSection
	GlobalSection(ProjectConfigurationPlatforms) = postSolution
		{A672A4FB-60DB-4A0D-B8F4-5FA32506C45A}.Debug|Any CPU.ActiveCfg = Debug|Any CPU
		{A672A4FB-60DB-4A0D-B8F4-5FA32506C45A}.Debug|Any CPU.Build.0 = Debug|Any CPU
		{A672A4FB-60DB-4A0D-B8F4-5FA32506C45A}.Release|Any CPU.ActiveCfg = Release|Any CPU
		{A672A4FB-60DB-4A0D-B8F4-5FA32506C45A}.Release|Any CPU.Build.0 = Release|Any CPU
		{05060F64-BA16-4DD8-9A1A-BF98B55B13F2}.Debug|Any CPU.ActiveCfg = Debug|Any CPU
		{05060F64-BA16-4DD8-9A1A-BF98B55B13F2}.Debug|Any CPU.Build.0 = Debug|Any CPU
		{05060F64-BA16-4DD8-9A1A-BF98B55B13F2}.Release|Any CPU.ActiveCfg = Release|Any CPU
		{05060F64-BA16-4DD8-9A1A-BF98B55B13F2}.Release|Any CPU.Build.0 = Release|Any CPU
	EndGlobalSection
EndGlobal
